{
    "version": 3,
    "terraform_version": "0.11.8",
    "serial": 9,
    "lineage": "8a67a1e4-6a84-0e66-cd79-9b270e9f911e",
    "modules": [
        {
            "path": [
                "root"
            ],
            "outputs": {},
            "resources": {
                "data.aws_ami.centos": {
                    "type": "aws_ami",
                    "depends_on": [],
                    "primary": {
                        "id": "ami-02eac2c0129f6376b",
                        "attributes": {
                            "architecture": "x86_64",
                            "block_device_mappings.#": "1",
                            "block_device_mappings.1270490221.device_name": "/dev/sda1",
                            "block_device_mappings.1270490221.ebs.%": "6",
                            "block_device_mappings.1270490221.ebs.delete_on_termination": "false",
                            "block_device_mappings.1270490221.ebs.encrypted": "false",
                            "block_device_mappings.1270490221.ebs.iops": "0",
                            "block_device_mappings.1270490221.ebs.snapshot_id": "snap-010d360e3cba720ba",
                            "block_device_mappings.1270490221.ebs.volume_size": "8",
                            "block_device_mappings.1270490221.ebs.volume_type": "gp2",
                            "block_device_mappings.1270490221.no_device": "",
                            "block_device_mappings.1270490221.virtual_name": "",
                            "creation_date": "2019-01-30T23:40:58.000Z",
                            "description": "CentOS Linux 7 x86_64 HVM EBS ENA 1901_01",
                            "filter.#": "1",
                            "filter.1512677012.name": "product-code",
                            "filter.1512677012.values.#": "1",
                            "filter.1512677012.values.0": "aw0evgkw8e5c1q413zgy5pjce",
                            "hypervisor": "xen",
                            "id": "ami-02eac2c0129f6376b",
                            "image_id": "ami-02eac2c0129f6376b",
                            "image_location": "aws-marketplace/CentOS Linux 7 x86_64 HVM EBS ENA 1901_01-b7ee8a69-ee97-4a49-9e68-afaee216db2e-ami-05713873c6794f575.4",
                            "image_owner_alias": "aws-marketplace",
                            "image_type": "machine",
                            "most_recent": "true",
                            "name": "CentOS Linux 7 x86_64 HVM EBS ENA 1901_01-b7ee8a69-ee97-4a49-9e68-afaee216db2e-ami-05713873c6794f575.4",
                            "owner_id": "679593333241",
                            "owners.#": "1",
                            "owners.0": "aws-marketplace",
                            "product_codes.#": "1",
                            "product_codes.347650389.product_code_id": "aw0evgkw8e5c1q413zgy5pjce",
                            "product_codes.347650389.product_code_type": "marketplace",
                            "public": "true",
                            "root_device_name": "/dev/sda1",
                            "root_device_type": "ebs",
                            "root_snapshot_id": "snap-010d360e3cba720ba",
                            "sriov_net_support": "simple",
                            "state": "available",
                            "state_reason.%": "2",
                            "state_reason.code": "UNSET",
                            "state_reason.message": "UNSET",
                            "tags.%": "0",
                            "virtualization_type": "hvm"
                        },
                        "meta": {},
                        "tainted": false
                    },
                    "deposed": [],
                    "provider": "provider.aws"
                }
            },
            "depends_on": []
        },
        {
            "path": [
                "root",
                "ec2_instances"
            ],
            "outputs": {
                "ec2_id": {
                    "sensitive": false,
                    "type": "string",
                    "value": "i-096f20d9e17aeab1f"
                },
                "ec2_public_ip": {
                    "sensitive": false,
                    "type": "string",
                    "value": "3.217.66.195"
                }
            },
            "resources": {
                "aws_eip.default": {
                    "type": "aws_eip",
                    "depends_on": [
                        "aws_instance.ec2"
                    ],
                    "primary": {
                        "id": "eipalloc-0d12a65a9a1ea5beb",
                        "attributes": {
                            "association_id": "eipassoc-00696535baaace29b",
                            "domain": "vpc",
                            "id": "eipalloc-0d12a65a9a1ea5beb",
                            "instance": "i-096f20d9e17aeab1f",
                            "network_interface": "eni-074dea2cb848d9c93",
                            "private_dns": "ip-10-10-10-5.ec2.internal",
                            "private_ip": "10.10.10.5",
                            "public_dns": "ec2-3-217-66-195.compute-1.amazonaws.com",
                            "public_ip": "3.217.66.195",
                            "public_ipv4_pool": "amazon",
                            "tags.%": "0",
                            "vpc": "true"
                        },
                        "meta": {
                            "e2bfb730-ecaa-11e6-8f88-34363bc7c4c0": {
                                "delete": 180000000000,
                                "read": 900000000000,
                                "update": 300000000000
                            }
                        },
                        "tainted": false
                    },
                    "deposed": [],
                    "provider": "provider.aws"
                },
                "aws_instance.ec2": {
                    "type": "aws_instance",
                    "depends_on": [],
                    "primary": {
                        "id": "i-096f20d9e17aeab1f",
                        "attributes": {
                            "ami": "ami-02eac2c0129f6376b",
                            "arn": "arn:aws:ec2:us-east-1:088841113972:instance/i-096f20d9e17aeab1f",
                            "associate_public_ip_address": "true",
                            "availability_zone": "us-east-1a",
                            "cpu_core_count": "1",
                            "cpu_threads_per_core": "1",
                            "credit_specification.#": "1",
                            "credit_specification.0.cpu_credits": "standard",
                            "disable_api_termination": "false",
                            "ebs_block_device.#": "0",
                            "ebs_optimized": "false",
                            "ephemeral_block_device.#": "0",
                            "get_password_data": "false",
                            "iam_instance_profile": "",
                            "id": "i-096f20d9e17aeab1f",
                            "instance_state": "running",
                            "instance_type": "t2.micro",
                            "ipv6_address_count": "0",
                            "ipv6_addresses.#": "0",
                            "key_name": "nb-keypair-02",
                            "monitoring": "false",
                            "network_interface.#": "0",
                            "password_data": "",
                            "placement_group": "",
                            "primary_network_interface_id": "eni-074dea2cb848d9c93",
                            "private_dns": "ip-10-10-10-5.ec2.internal",
                            "private_ip": "10.10.10.5",
                            "public_dns": "",
                            "public_ip": "18.208.182.74",
                            "root_block_device.#": "1",
                            "root_block_device.0.delete_on_termination": "true",
                            "root_block_device.0.iops": "100",
                            "root_block_device.0.volume_id": "vol-0eddffbd0013c1c51",
                            "root_block_device.0.volume_size": "20",
                            "root_block_device.0.volume_type": "gp2",
                            "security_groups.#": "0",
                            "source_dest_check": "true",
                            "subnet_id": "subnet-0ea30b7e10a5b2f10",
                            "tags.%": "4",
                            "tags.Name": "testing Registry development 01",
                            "tags.domain_name": "testing-registry.aws-halcyon-infra.net",
                            "tags.environment": "development",
                            "tags.server_role": "testing registry",
                            "tenancy": "default",
                            "volume_tags.%": "0",
                            "vpc_security_group_ids.#": "1",
                            "vpc_security_group_ids.1733116595": "sg-0b51a5736b352e40e"
                        },
                        "meta": {
                            "e2bfb730-ecaa-11e6-8f88-34363bc7c4c0": {
                                "create": 600000000000,
                                "delete": 1200000000000,
                                "update": 600000000000
                            },
                            "schema_version": "1"
                        },
                        "tainted": false
                    },
                    "deposed": [],
                    "provider": "provider.aws"
                }
            },
            "depends_on": []
        },
        {
            "path": [
                "root",
                "ec2_instances_security_group"
            ],
            "outputs": {
                "main_security_group_id": {
                    "sensitive": false,
                    "type": "string",
                    "value": "sg-0b51a5736b352e40e"
                },
                "main_security_group_rule_description": {
                    "sensitive": false,
                    "type": "string",
                    "value": "Security group rule for main security group"
                },
                "main_security_group_rule_from_port": {
                    "sensitive": false,
                    "type": "string",
                    "value": "443"
                },
                "main_security_group_rule_id": {
                    "sensitive": false,
                    "type": "string",
                    "value": "sgrule-3804328200"
                },
                "main_security_group_rule_to_port": {
                    "sensitive": false,
                    "type": "string",
                    "value": "443"
                }
            },
            "resources": {
                "aws_security_group.main_security_group": {
                    "type": "aws_security_group",
                    "depends_on": [],
                    "primary": {
                        "id": "sg-0b51a5736b352e40e",
                        "attributes": {
                            "arn": "arn:aws:ec2:us-east-1:088841113972:security-group/sg-0b51a5736b352e40e",
                            "description": "front server security group",
                            "egress.#": "0",
                            "id": "sg-0b51a5736b352e40e",
                            "ingress.#": "1",
                            "ingress.2081121133.cidr_blocks.#": "1",
                            "ingress.2081121133.cidr_blocks.0": "10.0.0.0/8",
                            "ingress.2081121133.description": "Security group rule for main security group",
                            "ingress.2081121133.from_port": "443",
                            "ingress.2081121133.ipv6_cidr_blocks.#": "0",
                            "ingress.2081121133.prefix_list_ids.#": "0",
                            "ingress.2081121133.protocol": "tcp",
                            "ingress.2081121133.security_groups.#": "0",
                            "ingress.2081121133.self": "false",
                            "ingress.2081121133.to_port": "443",
                            "name": "terraform-20190525194131951400000001",
                            "owner_id": "088841113972",
                            "revoke_rules_on_delete": "false",
                            "tags.%": "2",
                            "tags.Name": "testing_client",
                            "tags.Stack": "testing_server",
                            "vpc_id": "vpc-22b2cf44"
                        },
                        "meta": {
                            "e2bfb730-ecaa-11e6-8f88-34363bc7c4c0": {
                                "create": 600000000000,
                                "delete": 600000000000
                            },
                            "schema_version": "1"
                        },
                        "tainted": false
                    },
                    "deposed": [],
                    "provider": "provider.aws"
                },
                "aws_security_group_rule.main_security_group_rule": {
                    "type": "aws_security_group_rule",
                    "depends_on": [
                        "aws_security_group.main_security_group"
                    ],
                    "primary": {
                        "id": "sgrule-3804328200",
                        "attributes": {
                            "cidr_blocks.#": "1",
                            "cidr_blocks.0": "10.0.0.0/8",
                            "description": "Security group rule for main security group",
                            "from_port": "443",
                            "id": "sgrule-3804328200",
                            "ipv6_cidr_blocks.#": "0",
                            "prefix_list_ids.#": "0",
                            "protocol": "tcp",
                            "security_group_id": "sg-0b51a5736b352e40e",
                            "self": "false",
                            "to_port": "443",
                            "type": "ingress"
                        },
                        "meta": {
                            "schema_version": "2"
                        },
                        "tainted": false
                    },
                    "deposed": [],
                    "provider": "provider.aws"
                }
            },
            "depends_on": []
        },
        {
            "path": [
                "root",
                "route"
            ],
            "outputs": {
                "testing_ext_route_0_id": {
                    "sensitive": false,
                    "type": "string",
                    "value": "r-rtb-34c6424d1080289494"
                },
                "testing_int_route_1_id": {
                    "sensitive": false,
                    "type": "string",
                    "value": "rtb-0cbec5df4a4c11c72"
                }
            },
            "resources": {
                "aws_main_route_table_association.testing_ext_route_0": {
                    "type": "aws_main_route_table_association",
                    "depends_on": [],
                    "primary": {
                        "id": "rtbassoc-73743c0b",
                        "attributes": {
                            "id": "rtbassoc-73743c0b",
                            "original_route_table_id": "rtb-34c6424d",
                            "route_table_id": "rtb-34c6424d",
                            "vpc_id": "vpc-22b2cf44"
                        },
                        "meta": {},
                        "tainted": false
                    },
                    "deposed": [],
                    "provider": "provider.aws"
                },
                "aws_route.testing_ext_route_0": {
                    "type": "aws_route",
                    "depends_on": [],
                    "primary": {
                        "id": "r-rtb-34c6424d1080289494",
                        "attributes": {
                            "destination_cidr_block": "0.0.0.0/0",
                            "destination_prefix_list_id": "",
                            "egress_only_gateway_id": "",
                            "gateway_id": "igw-37888150",
                            "id": "r-rtb-34c6424d1080289494",
                            "instance_id": "",
                            "instance_owner_id": "",
                            "nat_gateway_id": "",
                            "network_interface_id": "",
                            "origin": "CreateRoute",
                            "route_table_id": "rtb-34c6424d",
                            "state": "active",
                            "transit_gateway_id": "",
                            "vpc_peering_connection_id": ""
                        },
                        "meta": {
                            "e2bfb730-ecaa-11e6-8f88-34363bc7c4c0": {
                                "create": 120000000000,
                                "delete": 300000000000
                            }
                        },
                        "tainted": false
                    },
                    "deposed": [],
                    "provider": "provider.aws"
                },
                "aws_route_table.testing_ext_route_0": {
                    "type": "aws_route_table",
                    "depends_on": [],
                    "primary": {
                        "id": "rtb-06af84ba3192cca4c",
                        "attributes": {
                            "id": "rtb-06af84ba3192cca4c",
                            "owner_id": "088841113972",
                            "propagating_vgws.#": "0",
                            "route.#": "0",
                            "tags.%": "2",
                            "tags.Name": "testing_client",
                            "tags.Stack": "testing_server",
                            "vpc_id": "vpc-22b2cf44"
                        },
                        "meta": {},
                        "tainted": false
                    },
                    "deposed": [],
                    "provider": "provider.aws"
                },
                "aws_route_table.testing_int_route_1": {
                    "type": "aws_route_table",
                    "depends_on": [],
                    "primary": {
                        "id": "rtb-0cbec5df4a4c11c72",
                        "attributes": {
                            "id": "rtb-0cbec5df4a4c11c72",
                            "owner_id": "088841113972",
                            "propagating_vgws.#": "0",
                            "route.#": "0",
                            "tags.%": "2",
                            "tags.Name": "testing_client",
                            "tags.Stack": "testing_server",
                            "vpc_id": "vpc-22b2cf44"
                        },
                        "meta": {},
                        "tainted": false
                    },
                    "deposed": [],
                    "provider": "provider.aws"
                },
                "aws_route_table_association.api_ext_ass0": {
                    "type": "aws_route_table_association",
                    "depends_on": [
                        "aws_route_table.testing_ext_route_0"
                    ],
                    "primary": {
                        "id": "rtbassoc-047d1bc49680715fa",
                        "attributes": {
                            "id": "rtbassoc-047d1bc49680715fa",
                            "route_table_id": "rtb-06af84ba3192cca4c",
                            "subnet_id": "subnet-0ea30b7e10a5b2f10"
                        },
                        "meta": {},
                        "tainted": false
                    },
                    "deposed": [],
                    "provider": "provider.aws"
                },
                "aws_route_table_association.api_ext_ass1": {
                    "type": "aws_route_table_association",
                    "depends_on": [
                        "aws_route_table.testing_ext_route_0"
                    ],
                    "primary": {
                        "id": "rtbassoc-087a456bc485b3642",
                        "attributes": {
                            "id": "rtbassoc-087a456bc485b3642",
                            "route_table_id": "rtb-06af84ba3192cca4c",
                            "subnet_id": "subnet-0a90b12a530851542"
                        },
                        "meta": {},
                        "tainted": false
                    },
                    "deposed": [],
                    "provider": "provider.aws"
                },
                "aws_route_table_association.api_ext_ass2": {
                    "type": "aws_route_table_association",
                    "depends_on": [
                        "aws_route_table.testing_ext_route_0"
                    ],
                    "primary": {
                        "id": "rtbassoc-0ac8b3af6c895227c",
                        "attributes": {
                            "id": "rtbassoc-0ac8b3af6c895227c",
                            "route_table_id": "rtb-06af84ba3192cca4c",
                            "subnet_id": "subnet-0d6357c2ff58241f0"
                        },
                        "meta": {},
                        "tainted": false
                    },
                    "deposed": [],
                    "provider": "provider.aws"
                },
                "aws_route_table_association.api_int_ass3": {
                    "type": "aws_route_table_association",
                    "depends_on": [
                        "aws_route_table.testing_int_route_1"
                    ],
                    "primary": {
                        "id": "rtbassoc-00bd5155e59795ca0",
                        "attributes": {
                            "id": "rtbassoc-00bd5155e59795ca0",
                            "route_table_id": "rtb-0cbec5df4a4c11c72",
                            "subnet_id": "subnet-0794a260a0d529688"
                        },
                        "meta": {},
                        "tainted": false
                    },
                    "deposed": [],
                    "provider": "provider.aws"
                },
                "aws_route_table_association.api_int_ass4": {
                    "type": "aws_route_table_association",
                    "depends_on": [
                        "aws_route_table.testing_int_route_1"
                    ],
                    "primary": {
                        "id": "rtbassoc-049b737f03146f073",
                        "attributes": {
                            "id": "rtbassoc-049b737f03146f073",
                            "route_table_id": "rtb-0cbec5df4a4c11c72",
                            "subnet_id": "subnet-0bd4510df3dfd555d"
                        },
                        "meta": {},
                        "tainted": false
                    },
                    "deposed": [],
                    "provider": "provider.aws"
                },
                "aws_route_table_association.api_int_ass5": {
                    "type": "aws_route_table_association",
                    "depends_on": [
                        "aws_route_table.testing_int_route_1"
                    ],
                    "primary": {
                        "id": "rtbassoc-084c5cfd6d633b596",
                        "attributes": {
                            "id": "rtbassoc-084c5cfd6d633b596",
                            "route_table_id": "rtb-0cbec5df4a4c11c72",
                            "subnet_id": "subnet-046415e6f894cb355"
                        },
                        "meta": {},
                        "tainted": false
                    },
                    "deposed": [],
                    "provider": "provider.aws"
                }
            },
            "depends_on": []
        },
        {
            "path": [
                "root",
                "subnet"
            ],
            "outputs": {
                "testing_ext_subnet_id_0": {
                    "sensitive": false,
                    "type": "string",
                    "value": "subnet-0ea30b7e10a5b2f10"
                },
                "testing_ext_subnet_id_1": {
                    "sensitive": false,
                    "type": "string",
                    "value": "subnet-0a90b12a530851542"
                },
                "testing_ext_subnet_id_2": {
                    "sensitive": false,
                    "type": "string",
                    "value": "subnet-0d6357c2ff58241f0"
                },
                "testing_int_subnet_id_3": {
                    "sensitive": false,
                    "type": "string",
                    "value": "subnet-0794a260a0d529688"
                },
                "testing_int_subnet_id_4": {
                    "sensitive": false,
                    "type": "string",
                    "value": "subnet-0bd4510df3dfd555d"
                },
                "testing_int_subnet_id_5": {
                    "sensitive": false,
                    "type": "string",
                    "value": "subnet-046415e6f894cb355"
                }
            },
            "resources": {
                "aws_subnet.testing_ext_subnet_0": {
                    "type": "aws_subnet",
                    "depends_on": [
                        "data.aws_vpc.selected"
                    ],
                    "primary": {
                        "id": "subnet-0ea30b7e10a5b2f10",
                        "attributes": {
                            "arn": "arn:aws:ec2:us-east-1:088841113972:subnet/subnet-0ea30b7e10a5b2f10",
                            "assign_ipv6_address_on_creation": "false",
                            "availability_zone": "us-east-1a",
                            "availability_zone_id": "use1-az2",
                            "cidr_block": "10.10.10.0/28",
                            "id": "subnet-0ea30b7e10a5b2f10",
                            "ipv6_cidr_block": "",
                            "ipv6_cidr_block_association_id": "",
                            "map_public_ip_on_launch": "true",
                            "owner_id": "088841113972",
                            "tags.%": "1",
                            "tags.Name": "testing_client",
                            "vpc_id": "vpc-22b2cf44"
                        },
                        "meta": {
                            "e2bfb730-ecaa-11e6-8f88-34363bc7c4c0": {
                                "create": 600000000000,
                                "delete": 600000000000
                            },
                            "schema_version": "1"
                        },
                        "tainted": false
                    },
                    "deposed": [],
                    "provider": "provider.aws"
                },
                "aws_subnet.testing_ext_subnet_1": {
                    "type": "aws_subnet",
                    "depends_on": [
                        "data.aws_vpc.selected"
                    ],
                    "primary": {
                        "id": "subnet-0a90b12a530851542",
                        "attributes": {
                            "arn": "arn:aws:ec2:us-east-1:088841113972:subnet/subnet-0a90b12a530851542",
                            "assign_ipv6_address_on_creation": "false",
                            "availability_zone": "us-east-1b",
                            "availability_zone_id": "use1-az4",
                            "cidr_block": "10.10.10.16/28",
                            "id": "subnet-0a90b12a530851542",
                            "ipv6_cidr_block": "",
                            "ipv6_cidr_block_association_id": "",
                            "map_public_ip_on_launch": "true",
                            "owner_id": "088841113972",
                            "tags.%": "1",
                            "tags.Name": "testing_client",
                            "vpc_id": "vpc-22b2cf44"
                        },
                        "meta": {
                            "e2bfb730-ecaa-11e6-8f88-34363bc7c4c0": {
                                "create": 600000000000,
                                "delete": 600000000000
                            },
                            "schema_version": "1"
                        },
                        "tainted": false
                    },
                    "deposed": [],
                    "provider": "provider.aws"
                },
                "aws_subnet.testing_ext_subnet_2": {
                    "type": "aws_subnet",
                    "depends_on": [
                        "data.aws_vpc.selected"
                    ],
                    "primary": {
                        "id": "subnet-0d6357c2ff58241f0",
                        "attributes": {
                            "arn": "arn:aws:ec2:us-east-1:088841113972:subnet/subnet-0d6357c2ff58241f0",
                            "assign_ipv6_address_on_creation": "false",
                            "availability_zone": "us-east-1c",
                            "availability_zone_id": "use1-az6",
                            "cidr_block": "10.10.10.32/28",
                            "id": "subnet-0d6357c2ff58241f0",
                            "ipv6_cidr_block": "",
                            "ipv6_cidr_block_association_id": "",
                            "map_public_ip_on_launch": "true",
                            "owner_id": "088841113972",
                            "tags.%": "1",
                            "tags.Name": "testing_client",
                            "vpc_id": "vpc-22b2cf44"
                        },
                        "meta": {
                            "e2bfb730-ecaa-11e6-8f88-34363bc7c4c0": {
                                "create": 600000000000,
                                "delete": 600000000000
                            },
                            "schema_version": "1"
                        },
                        "tainted": false
                    },
                    "deposed": [],
                    "provider": "provider.aws"
                },
                "aws_subnet.testing_int_subnet_3": {
                    "type": "aws_subnet",
                    "depends_on": [
                        "data.aws_vpc.selected"
                    ],
                    "primary": {
                        "id": "subnet-0794a260a0d529688",
                        "attributes": {
                            "arn": "arn:aws:ec2:us-east-1:088841113972:subnet/subnet-0794a260a0d529688",
                            "assign_ipv6_address_on_creation": "false",
                            "availability_zone": "us-east-1a",
                            "availability_zone_id": "use1-az2",
                            "cidr_block": "10.10.10.48/28",
                            "id": "subnet-0794a260a0d529688",
                            "ipv6_cidr_block": "",
                            "ipv6_cidr_block_association_id": "",
                            "map_public_ip_on_launch": "false",
                            "owner_id": "088841113972",
                            "tags.%": "1",
                            "tags.Name": "testing_server",
                            "vpc_id": "vpc-22b2cf44"
                        },
                        "meta": {
                            "e2bfb730-ecaa-11e6-8f88-34363bc7c4c0": {
                                "create": 600000000000,
                                "delete": 600000000000
                            },
                            "schema_version": "1"
                        },
                        "tainted": false
                    },
                    "deposed": [],
                    "provider": "provider.aws"
                },
                "aws_subnet.testing_int_subnet_4": {
                    "type": "aws_subnet",
                    "depends_on": [
                        "data.aws_vpc.selected"
                    ],
                    "primary": {
                        "id": "subnet-0bd4510df3dfd555d",
                        "attributes": {
                            "arn": "arn:aws:ec2:us-east-1:088841113972:subnet/subnet-0bd4510df3dfd555d",
                            "assign_ipv6_address_on_creation": "false",
                            "availability_zone": "us-east-1b",
                            "availability_zone_id": "use1-az4",
                            "cidr_block": "10.10.10.64/28",
                            "id": "subnet-0bd4510df3dfd555d",
                            "ipv6_cidr_block": "",
                            "ipv6_cidr_block_association_id": "",
                            "map_public_ip_on_launch": "false",
                            "owner_id": "088841113972",
                            "tags.%": "1",
                            "tags.Name": "testing_server",
                            "vpc_id": "vpc-22b2cf44"
                        },
                        "meta": {
                            "e2bfb730-ecaa-11e6-8f88-34363bc7c4c0": {
                                "create": 600000000000,
                                "delete": 600000000000
                            },
                            "schema_version": "1"
                        },
                        "tainted": false
                    },
                    "deposed": [],
                    "provider": "provider.aws"
                },
                "aws_subnet.testing_int_subnet_5": {
                    "type": "aws_subnet",
                    "depends_on": [
                        "data.aws_vpc.selected"
                    ],
                    "primary": {
                        "id": "subnet-046415e6f894cb355",
                        "attributes": {
                            "arn": "arn:aws:ec2:us-east-1:088841113972:subnet/subnet-046415e6f894cb355",
                            "assign_ipv6_address_on_creation": "false",
                            "availability_zone": "us-east-1c",
                            "availability_zone_id": "use1-az6",
                            "cidr_block": "10.10.10.80/28",
                            "id": "subnet-046415e6f894cb355",
                            "ipv6_cidr_block": "",
                            "ipv6_cidr_block_association_id": "",
                            "map_public_ip_on_launch": "false",
                            "owner_id": "088841113972",
                            "tags.%": "1",
                            "tags.Name": "testing_server",
                            "vpc_id": "vpc-22b2cf44"
                        },
                        "meta": {
                            "e2bfb730-ecaa-11e6-8f88-34363bc7c4c0": {
                                "create": 600000000000,
                                "delete": 600000000000
                            },
                            "schema_version": "1"
                        },
                        "tainted": false
                    },
                    "deposed": [],
                    "provider": "provider.aws"
                },
                "data.aws_vpc.selected": {
                    "type": "aws_vpc",
                    "depends_on": [],
                    "primary": {
                        "id": "vpc-22b2cf44",
                        "attributes": {
                            "arn": "arn:aws:ec2:us-east-1:088841113972:vpc/vpc-22b2cf44",
                            "cidr_block": "10.10.0.0/16",
                            "cidr_block_associations.#": "1",
                            "cidr_block_associations.0.association_id": "vpc-cidr-assoc-dfb0d1b7",
                            "cidr_block_associations.0.cidr_block": "10.10.0.0/16",
                            "cidr_block_associations.0.state": "associated",
                            "default": "false",
                            "dhcp_options_id": "dopt-51e68b36",
                            "enable_dns_hostnames": "false",
                            "enable_dns_support": "true",
                            "id": "vpc-22b2cf44",
                            "instance_tenancy": "default",
                            "main_route_table_id": "rtb-34c6424d",
                            "owner_id": "088841113972",
                            "state": "available",
                            "tags.%": "1",
                            "tags.Name": "secure-vpc"
                        },
                        "meta": {},
                        "tainted": false
                    },
                    "deposed": [],
                    "provider": "provider.aws"
                }
            },
            "depends_on": []
        },
        {
            "path": [
                "root",
                "vpc"
            ],
            "outputs": {
                "testing_int_gw_id": {
                    "sensitive": false,
                    "type": "string",
                    "value": "igw-37888150"
                },
                "testing_route_table_id": {
                    "sensitive": false,
                    "type": "string",
                    "value": "rtb-34c6424d"
                },
                "testing_vpc_dhcp_id": {
                    "sensitive": false,
                    "type": "string",
                    "value": "dopt-51e68b36"
                },
                "testing_vpc_id": {
                    "sensitive": false,
                    "type": "string",
                    "value": "vpc-22b2cf44"
                }
            },
            "resources": {
                "aws_vpc_dhcp_options.testing_vpc_dhcp_id": {
                    "type": "aws_vpc_dhcp_options",
                    "depends_on": [],
                    "primary": {
                        "id": "dopt-00b3906666ca5c6c0",
                        "attributes": {
                            "domain_name": "us-east-1.compute.internal",
                            "domain_name_servers.#": "1",
                            "domain_name_servers.0": "AmazonProvidedDNS",
                            "id": "dopt-00b3906666ca5c6c0",
                            "owner_id": "088841113972",
                            "tags.%": "2",
                            "tags.Name": "testing_client",
                            "tags.Stack": "testing_server"
                        },
                        "meta": {},
                        "tainted": false
                    },
                    "deposed": [],
                    "provider": "provider.aws"
                },
                "data.aws_internet_gateway.ig": {
                    "type": "aws_internet_gateway",
                    "depends_on": [],
                    "primary": {
                        "id": "igw-37888150",
                        "attributes": {
                            "attachments.#": "1",
                            "attachments.0.state": "available",
                            "attachments.0.vpc_id": "vpc-22b2cf44",
                            "id": "igw-37888150",
                            "internet_gateway_id": "igw-37888150",
                            "owner_id": "088841113972",
                            "tags.%": "1",
                            "tags.Name": "Internet Gateway - Secure 01"
                        },
                        "meta": {},
                        "tainted": false
                    },
                    "deposed": [],
                    "provider": "provider.aws"
                },
                "data.aws_vpc.this_vpc": {
                    "type": "aws_vpc",
                    "depends_on": [],
                    "primary": {
                        "id": "vpc-22b2cf44",
                        "attributes": {
                            "arn": "arn:aws:ec2:us-east-1:088841113972:vpc/vpc-22b2cf44",
                            "cidr_block": "10.10.0.0/16",
                            "cidr_block_associations.#": "1",
                            "cidr_block_associations.0.association_id": "vpc-cidr-assoc-dfb0d1b7",
                            "cidr_block_associations.0.cidr_block": "10.10.0.0/16",
                            "cidr_block_associations.0.state": "associated",
                            "default": "false",
                            "dhcp_options_id": "dopt-51e68b36",
                            "enable_dns_hostnames": "false",
                            "enable_dns_support": "true",
                            "id": "vpc-22b2cf44",
                            "instance_tenancy": "default",
                            "main_route_table_id": "rtb-34c6424d",
                            "owner_id": "088841113972",
                            "state": "available",
                            "tags.%": "1",
                            "tags.Name": "secure-vpc"
                        },
                        "meta": {},
                        "tainted": false
                    },
                    "deposed": [],
                    "provider": "provider.aws"
                }
            },
            "depends_on": []
        }
    ]
}
